
Microsoft Visual Studio Solution File, Format Version 12.00
# Visual Studio Version 17
VisualStudioVersion = 17.4.33205.214
MinimumVisualStudioVersion = 10.0.40219.1
Project("{9A19103F-16F7-4668-BE54-9A1E7A4F7556}") = "SampleApp", "SampleApp\SampleApp.csproj", "{C51B1A86-4222-428A-B8A1-AB5EB7572B54}"
EndProject
Project("{9A19103F-16F7-4668-BE54-9A1E7A4F7556}") = "SimpleMathCalculator", "SimpleMathCalculator\SimpleMathCalculator.csproj", "{AB76F1C2-9BA3-41A2-97F8-F3720516E4A6}"
EndProject
Project("{2150E333-8FDC-42A3-9474-1A3956D46DE8}") = "Presentation Layer", "Presentation Layer", "{8674CFFF-5B65-49B7-8398-91592A36A2F4}"
EndProject
Project("{2150E333-8FDC-42A3-9474-1A3956D46DE8}") = "Business Layer", "Business Layer", "{3014BFD6-0255-4F5D-95CB-F4DD93F59D0D}"
EndProject
Project("{2150E333-8FDC-42A3-9474-1A3956D46DE8}") = "Data Layer", "Data Layer", "{B43E2CFB-A265-4838-A3B7-5319E0118056}"
EndProject
Project("{9A19103F-16F7-4668-BE54-9A1E7A4F7556}") = "SimpleMathCalculatorDesktopApp", "SimpleMathCalculatorDesktopApp\SimpleMathCalculatorDesktopApp.csproj", "{FC602FE5-BA80-4035-B1F9-4D973DCEB6F4}"
EndProject
Project("{2150E333-8FDC-42A3-9474-1A3956D46DE8}") = "Multi Layered App Demo", "Multi Layered App Demo", "{8163B61D-FC3E-4384-BE68-3F2AAE829B72}"
EndProject
Project("{2150E333-8FDC-42A3-9474-1A3956D46DE8}") = "Labs and References", "Labs and References", "{96917E17-C19C-4AA2-BB5D-9F93CCFC7892}"
EndProject
Project("{9A19103F-16F7-4668-BE54-9A1E7A4F7556}") = "LabsAndRef", "LabsAndRef\LabsAndRef.csproj", "{7CFA7A2D-54E4-47B4-AF1F-37B35E506760}"
EndProject
Project("{2150E333-8FDC-42A3-9474-1A3956D46DE8}") = "OO Programming", "OO Programming", "{ABC814C5-0626-45BB-BD7C-61C5ACCB3783}"
EndProject
Project("{9A19103F-16F7-4668-BE54-9A1E7A4F7556}") = "OOProgrammingDemo", "OOProgrammingDemo\OOProgrammingDemo.csproj", "{EEA9F841-A5BF-4FC2-A4BB-FD51CFFA7D6A}"
EndProject
Project("{9A19103F-16F7-4668-BE54-9A1E7A4F7556}") = "ArraysDemo", "ArraysDemo\ArraysDemo.csproj", "{ACF825C2-2F3E-4FA9-951C-8AA44A7F2A87}"
EndProject
Project("{9A19103F-16F7-4668-BE54-9A1E7A4F7556}") = "DynamicCollectionsDemo1", "DynamicCollectionsDemo1\DynamicCollectionsDemo1.csproj", "{6884E5B4-D831-4589-B63A-A5D254FC1671}"
EndProject
Project("{9A19103F-16F7-4668-BE54-9A1E7A4F7556}") = "DynamicCollectionsDemo2", "DynamicCollectionsDemo2\DynamicCollectionsDemo2.csproj", "{976B6EEE-F991-45EF-915F-97CA968B96BD}"
EndProject
Project("{9A19103F-16F7-4668-BE54-9A1E7A4F7556}") = "DynamicArray3", "DynamicArray3\DynamicArray3.csproj", "{6676975F-5708-47BB-AAAA-82ED72B9A710}"
EndProject
Project("{9A19103F-16F7-4668-BE54-9A1E7A4F7556}") = "TrainerTraineeCasestudy", "TrainerTraineeCasestudy\TrainerTraineeCasestudy.csproj", "{1C52F095-9437-4E52-87A2-83B263A6057A}"
EndProject
Project("{9A19103F-16F7-4668-BE54-9A1E7A4F7556}") = "InheritanceDemo1", "InheritanceDemo1\InheritanceDemo1.csproj", "{5C782C2B-FCFB-41C0-BB2E-892550564F8D}"
EndProject
Project("{9A19103F-16F7-4668-BE54-9A1E7A4F7556}") = "InheritanceDemo2", "InheritanceDemo2\InheritanceDemo2.csproj", "{D1D10614-23C6-45E6-B6AE-44115ADB8832}"
EndProject
Project("{9A19103F-16F7-4668-BE54-9A1E7A4F7556}") = "IDELanguagesCasestudy", "IDELanguagesCasestudy\IDELanguagesCasestudy.csproj", "{0043C7C9-1E7E-46DC-8992-7D87BC7C3792}"
EndProject
Project("{9A19103F-16F7-4668-BE54-9A1E7A4F7556}") = "IDELanguagesCasestudy2", "IDELanguagesCasestudy2\IDELanguagesCasestudy2.csproj", "{74C24991-9F39-4FE5-B718-8BADF5204C05}"
EndProject
Project("{2150E333-8FDC-42A3-9474-1A3956D46DE8}") = "Exception Handling", "Exception Handling", "{895490BF-B445-48B1-BCE4-933C8187C55D}"
EndProject
Project("{9A19103F-16F7-4668-BE54-9A1E7A4F7556}") = "ExceptionHandlingDemo1", "ExceptionHandlingDemo1\ExceptionHandlingDemo1.csproj", "{78F8BA4D-2A0F-4CBC-95D5-72F14555BBD4}"
EndProject
Project("{2150E333-8FDC-42A3-9474-1A3956D46DE8}") = "Delegates", "Delegates", "{9F16FE99-59A5-4028-9013-FAECBD23AEFC}"
EndProject
Project("{9A19103F-16F7-4668-BE54-9A1E7A4F7556}") = "DelegatesDemo1", "DelegatesDemo1\DelegatesDemo1.csproj", "{1A016A70-B93B-4D13-8C65-125819D9245C}"
EndProject
Project("{9A19103F-16F7-4668-BE54-9A1E7A4F7556}") = "DelegatesCaseStudy1", "DelegatesCaseStudy1\DelegatesCaseStudy1.csproj", "{C43F4089-7D78-4ED9-8980-FAB93159B247}"
EndProject
Project("{2150E333-8FDC-42A3-9474-1A3956D46DE8}") = "File Handling", "File Handling", "{BB32C676-9F4E-427D-B294-87B914F3848D}"
EndProject
Project("{9A19103F-16F7-4668-BE54-9A1E7A4F7556}") = "FileIODemo1", "FileIODemo1\FileIODemo1.csproj", "{5937B53C-190F-46BF-A212-5698FB52F721}"
EndProject
Project("{9A19103F-16F7-4668-BE54-9A1E7A4F7556}") = "AddressBook", "AddressBook\AddressBook.csproj", "{9A5B5BFD-DFBA-4EC9-A50D-5ADC98C84A69}"
EndProject
Project("{9A19103F-16F7-4668-BE54-9A1E7A4F7556}") = "AddressBookWindowsApp", "AddressBookWindowsApp\AddressBookWindowsApp.csproj", "{1896A501-DC14-4EBF-8E9E-7277C8716D85}"
EndProject
Project("{FAE04EC0-301F-11D3-BF4B-00C04F79EFBC}") = "FileIO2", "FileIO2\FileIO2.csproj", "{07BA5766-49C0-4CB3-A4D8-0A5BCE48F356}"
EndProject
Project("{FAE04EC0-301F-11D3-BF4B-00C04F79EFBC}") = "FileSerializationDemo", "FileSerializationDemo\FileSerializationDemo.csproj", "{A89AB750-0CD9-43A5-8321-4E0C04809EBD}"
EndProject
Project("{2150E333-8FDC-42A3-9474-1A3956D46DE8}") = "Multi Threading", "Multi Threading", "{6D7C8579-3C43-475A-A090-8B8208B8CB3C}"
EndProject
Project("{FAE04EC0-301F-11D3-BF4B-00C04F79EFBC}") = "MTDemo1", "MTDemo1\MTDemo1.csproj", "{92DA6718-CC30-446E-87E2-DD6F29FE0544}"
EndProject
Project("{FAE04EC0-301F-11D3-BF4B-00C04F79EFBC}") = "MTDemo2", "MTDemo2\MTDemo2.csproj", "{8AFA112A-09C4-442D-89FB-A1D137CF7BA8}"
EndProject
Project("{FAE04EC0-301F-11D3-BF4B-00C04F79EFBC}") = "MTDemo4", "MTDemo4\MTDemo4.csproj", "{E624A691-C9E9-4593-BF8B-1289C6AD4CBF}"
EndProject
Project("{FAE04EC0-301F-11D3-BF4B-00C04F79EFBC}") = "MTDemo5", "MTDemo5\MTDemo5.csproj", "{E72C3B9D-8AFF-4068-BDE8-1606DCBCF743}"
EndProject
Project("{2150E333-8FDC-42A3-9474-1A3956D46DE8}") = "Design Patterns", "Design Patterns", "{725730D5-2895-4DE7-A99D-36F5F513C248}"
EndProject
Project("{FAE04EC0-301F-11D3-BF4B-00C04F79EFBC}") = "DesignPatternsDemo", "DesignPatternsDemo\DesignPatternsDemo.csproj", "{F9D1FAB8-AD21-4D41-B480-7D892E11C1E1}"
EndProject
Project("{2150E333-8FDC-42A3-9474-1A3956D46DE8}") = "Unit Testing", "Unit Testing", "{644AFBE8-6BD2-4A41-BED9-2F8AAE41909D}"
EndProject
Project("{FAE04EC0-301F-11D3-BF4B-00C04F79EFBC}") = "SimpleCalculatorLibrary", "SimpleCalculatorLibrary\SimpleCalculatorLibrary.csproj", "{6392951F-1E8F-4673-84BB-6D2475FD1F7C}"
EndProject
Project("{FAE04EC0-301F-11D3-BF4B-00C04F79EFBC}") = "SimpleCalculatorLibrary.TestProject", "SimpleCalculatorLibrary.TestProject\SimpleCalculatorLibrary.TestProject.csproj", "{1AA5A52D-2DAA-4E61-9368-08550A26BA4C}"
EndProject
Project("{2150E333-8FDC-42A3-9474-1A3956D46DE8}") = "Employee Management System", "Employee Management System", "{836C3065-CB4D-4B41-8E40-89FF71DD6C4D}"
EndProject
Project("{2150E333-8FDC-42A3-9474-1A3956D46DE8}") = "Presentation Layer", "Presentation Layer", "{C8791572-51F0-49BC-810F-7DD16B891277}"
EndProject
Project("{2150E333-8FDC-42A3-9474-1A3956D46DE8}") = "Data Layer", "Data Layer", "{2BE99152-13AA-4B72-84B2-1082D0D57B21}"
EndProject
Project("{FAE04EC0-301F-11D3-BF4B-00C04F79EFBC}") = "EmployeeManagementSystem.DataLayerLibrary", "EmployeeManagementSystem.DataLayerLibrary\EmployeeManagementSystem.DataLayerLibrary.csproj", "{20CF51F8-6B58-4F9F-8290-46E5FC95E197}"
EndProject
Project("{FAE04EC0-301F-11D3-BF4B-00C04F79EFBC}") = "EmployeeManagementSystem.ConsoleApp", "EmployeeManagementSystem.ConsoleApp\EmployeeManagementSystem.ConsoleApp.csproj", "{BCF8643E-4F39-42E9-BBA8-A04DE8A8790E}"
EndProject
Project("{FAE04EC0-301F-11D3-BF4B-00C04F79EFBC}") = "EmployeeManagement.MVCWebApplication", "EmployeeManagement.MVCWebApplication\EmployeeManagement.MVCWebApplication.csproj", "{A66A9BCA-8CA8-4C0A-8760-6D049A428003}"
EndProject
Project("{FAE04EC0-301F-11D3-BF4B-00C04F79EFBC}") = "WinFormsApp1", "WinFormsApp1\WinFormsApp1.csproj", "{4DA112AE-3848-414F-BBFF-AF26155D940A}"
EndProject
Project("{2150E333-8FDC-42A3-9474-1A3956D46DE8}") = "Language Enhancements", "Language Enhancements", "{3C8288AB-58C1-4D77-AEB2-CAE50D0BB736}"
EndProject
Project("{FAE04EC0-301F-11D3-BF4B-00C04F79EFBC}") = "NewFeaturesDemo", "NewFeaturesDemo\NewFeaturesDemo.csproj", "{F9590787-5166-4706-B109-EFD914191791}"
EndProject
Project("{FAE04EC0-301F-11D3-BF4B-00C04F79EFBC}") = "ConsoleApp1", "ConsoleApp1\ConsoleApp1.csproj", "{2917DC42-33B9-4AB9-9850-F92E6672F15A}"
EndProject
Project("{2150E333-8FDC-42A3-9474-1A3956D46DE8}") = "LINQ", "LINQ", "{37820D99-F9C6-43B4-9E6A-C3539CDED4FE}"
EndProject
Project("{FAE04EC0-301F-11D3-BF4B-00C04F79EFBC}") = "LinqDemo1", "LinqDemo1\LinqDemo1.csproj", "{C1141EA9-00BC-4CDA-91D6-494E0192A534}"
EndProject
Project("{FAE04EC0-301F-11D3-BF4B-00C04F79EFBC}") = "LinqDemo2", "LinqDemo2\LinqDemo2.csproj", "{8EEA6163-30A9-4762-A3EC-18FFD9932ED9}"
EndProject
Project("{FAE04EC0-301F-11D3-BF4B-00C04F79EFBC}") = "LinqDemo3", "LinqDemo3\LinqDemo3.csproj", "{EC9B221C-7ADE-4734-8400-DA037C457451}"
EndProject
Project("{FAE04EC0-301F-11D3-BF4B-00C04F79EFBC}") = "LinqToXMLDemo", "LinqToXMLDemo\LinqToXMLDemo.csproj", "{8C554E8B-EF02-406E-8A2A-CA50C27BD9EF}"
EndProject
Project("{FAE04EC0-301F-11D3-BF4B-00C04F79EFBC}") = "LinqToObjectsDemo", "LinqToObjectsDemo\LinqToObjectsDemo.csproj", "{F8B8BB82-B612-4B7E-88F0-DD5C38F3DA66}"
EndProject
Project("{2150E333-8FDC-42A3-9474-1A3956D46DE8}") = "Entity Framework Demos", "Entity Framework Demos", "{D56A0DD3-4067-4237-A441-247BC9A3038C}"
EndProject
Project("{FAE04EC0-301F-11D3-BF4B-00C04F79EFBC}") = "EFConsoleAppDemo", "EFConsoleAppDemo\EFConsoleAppDemo.csproj", "{B7EA90BE-1042-42C9-B96F-A8A0F095C3B9}"
EndProject
Project("{2150E333-8FDC-42A3-9474-1A3956D46DE8}") = "Data Layer", "Data Layer", "{36BC061E-19C9-4107-AA54-7020F46EF14F}"
EndProject
Project("{2150E333-8FDC-42A3-9474-1A3956D46DE8}") = "UI Layer", "UI Layer", "{BDAFF3A3-F0D7-49EB-A77A-6BEE6207A1D0}"
EndProject
Project("{FAE04EC0-301F-11D3-BF4B-00C04F79EFBC}") = "EFDALClassLibrary", "EFDALClassLibrary\EFDALClassLibrary.csproj", "{0CACF94A-3EBD-48AE-88F9-55989AA39324}"
EndProject
Project("{2150E333-8FDC-42A3-9474-1A3956D46DE8}") = "EmployeeManagement", "EmployeeManagement", "{BCA8E695-E866-4F73-B2EA-75942102AF6D}"
EndProject
Project("{2150E333-8FDC-42A3-9474-1A3956D46DE8}") = "ProductsManagement", "ProductsManagement", "{5C61D747-D90E-4B17-840C-79AD240DDF6F}"
EndProject
Project("{FAE04EC0-301F-11D3-BF4B-00C04F79EFBC}") = "ProductsManagementApp", "ProductsManagementApp\ProductsManagementApp.csproj", "{5DA0C887-437F-42DB-8BAC-1A8EEE1F8C57}"
EndProject
Project("{2150E333-8FDC-42A3-9474-1A3956D46DE8}") = "DBFirstDemo", "DBFirstDemo", "{CAA7C658-792B-4EFB-9F43-DB32CC2B6EAC}"
EndProject
Project("{FAE04EC0-301F-11D3-BF4B-00C04F79EFBC}") = "DBFirstProductsApp", "DBFirstProductsApp\DBFirstProductsApp.csproj", "{69A795CC-39FD-4A24-81EB-D98D2E3531DB}"
EndProject
Project("{2150E333-8FDC-42A3-9474-1A3956D46DE8}") = "Cleint Side Web Programming Demo", "Cleint Side Web Programming Demo", "{43D716C8-9BD2-473C-8DDA-C5D7373C2656}"
	ProjectSection(SolutionItems) = preProject
		HTMLPage1.html = HTMLPage1.html
		HTMLPage2.html = HTMLPage2.html
		StyleSheet1.css = StyleSheet1.css
	EndProjectSection
EndProject
Project("{2150E333-8FDC-42A3-9474-1A3956D46DE8}") = "bootstrap", "bootstrap", "{797004B8-6E39-4EBB-B3A5-3B66E4C8AEC4}"
EndProject
Project("{2150E333-8FDC-42A3-9474-1A3956D46DE8}") = "css", "css", "{9E65B3CC-A284-4BAE-A8B3-F6D641258CD8}"
	ProjectSection(SolutionItems) = preProject
		C:\Users\Venkat\Downloads\bootstrap-5.0.2-dist\bootstrap-5.0.2-dist\css\bootstrap-grid.css = C:\Users\Venkat\Downloads\bootstrap-5.0.2-dist\bootstrap-5.0.2-dist\css\bootstrap-grid.css
		C:\Users\Venkat\Downloads\bootstrap-5.0.2-dist\bootstrap-5.0.2-dist\css\bootstrap-grid.css.map = C:\Users\Venkat\Downloads\bootstrap-5.0.2-dist\bootstrap-5.0.2-dist\css\bootstrap-grid.css.map
		C:\Users\Venkat\Downloads\bootstrap-5.0.2-dist\bootstrap-5.0.2-dist\css\bootstrap-grid.min.css = C:\Users\Venkat\Downloads\bootstrap-5.0.2-dist\bootstrap-5.0.2-dist\css\bootstrap-grid.min.css
		C:\Users\Venkat\Downloads\bootstrap-5.0.2-dist\bootstrap-5.0.2-dist\css\bootstrap-grid.min.css.map = C:\Users\Venkat\Downloads\bootstrap-5.0.2-dist\bootstrap-5.0.2-dist\css\bootstrap-grid.min.css.map
		C:\Users\Venkat\Downloads\bootstrap-5.0.2-dist\bootstrap-5.0.2-dist\css\bootstrap-grid.rtl.css = C:\Users\Venkat\Downloads\bootstrap-5.0.2-dist\bootstrap-5.0.2-dist\css\bootstrap-grid.rtl.css
		C:\Users\Venkat\Downloads\bootstrap-5.0.2-dist\bootstrap-5.0.2-dist\css\bootstrap-grid.rtl.css.map = C:\Users\Venkat\Downloads\bootstrap-5.0.2-dist\bootstrap-5.0.2-dist\css\bootstrap-grid.rtl.css.map
		C:\Users\Venkat\Downloads\bootstrap-5.0.2-dist\bootstrap-5.0.2-dist\css\bootstrap-grid.rtl.min.css = C:\Users\Venkat\Downloads\bootstrap-5.0.2-dist\bootstrap-5.0.2-dist\css\bootstrap-grid.rtl.min.css
		C:\Users\Venkat\Downloads\bootstrap-5.0.2-dist\bootstrap-5.0.2-dist\css\bootstrap-grid.rtl.min.css.map = C:\Users\Venkat\Downloads\bootstrap-5.0.2-dist\bootstrap-5.0.2-dist\css\bootstrap-grid.rtl.min.css.map
		C:\Users\Venkat\Downloads\bootstrap-5.0.2-dist\bootstrap-5.0.2-dist\css\bootstrap-reboot.css = C:\Users\Venkat\Downloads\bootstrap-5.0.2-dist\bootstrap-5.0.2-dist\css\bootstrap-reboot.css
		C:\Users\Venkat\Downloads\bootstrap-5.0.2-dist\bootstrap-5.0.2-dist\css\bootstrap-reboot.css.map = C:\Users\Venkat\Downloads\bootstrap-5.0.2-dist\bootstrap-5.0.2-dist\css\bootstrap-reboot.css.map
		C:\Users\Venkat\Downloads\bootstrap-5.0.2-dist\bootstrap-5.0.2-dist\css\bootstrap-reboot.min.css = C:\Users\Venkat\Downloads\bootstrap-5.0.2-dist\bootstrap-5.0.2-dist\css\bootstrap-reboot.min.css
		C:\Users\Venkat\Downloads\bootstrap-5.0.2-dist\bootstrap-5.0.2-dist\css\bootstrap-reboot.min.css.map = C:\Users\Venkat\Downloads\bootstrap-5.0.2-dist\bootstrap-5.0.2-dist\css\bootstrap-reboot.min.css.map
		C:\Users\Venkat\Downloads\bootstrap-5.0.2-dist\bootstrap-5.0.2-dist\css\bootstrap-reboot.rtl.css = C:\Users\Venkat\Downloads\bootstrap-5.0.2-dist\bootstrap-5.0.2-dist\css\bootstrap-reboot.rtl.css
		C:\Users\Venkat\Downloads\bootstrap-5.0.2-dist\bootstrap-5.0.2-dist\css\bootstrap-reboot.rtl.css.map = C:\Users\Venkat\Downloads\bootstrap-5.0.2-dist\bootstrap-5.0.2-dist\css\bootstrap-reboot.rtl.css.map
		C:\Users\Venkat\Downloads\bootstrap-5.0.2-dist\bootstrap-5.0.2-dist\css\bootstrap-reboot.rtl.min.css = C:\Users\Venkat\Downloads\bootstrap-5.0.2-dist\bootstrap-5.0.2-dist\css\bootstrap-reboot.rtl.min.css
		C:\Users\Venkat\Downloads\bootstrap-5.0.2-dist\bootstrap-5.0.2-dist\css\bootstrap-reboot.rtl.min.css.map = C:\Users\Venkat\Downloads\bootstrap-5.0.2-dist\bootstrap-5.0.2-dist\css\bootstrap-reboot.rtl.min.css.map
		C:\Users\Venkat\Downloads\bootstrap-5.0.2-dist\bootstrap-5.0.2-dist\css\bootstrap-utilities.css = C:\Users\Venkat\Downloads\bootstrap-5.0.2-dist\bootstrap-5.0.2-dist\css\bootstrap-utilities.css
		C:\Users\Venkat\Downloads\bootstrap-5.0.2-dist\bootstrap-5.0.2-dist\css\bootstrap-utilities.css.map = C:\Users\Venkat\Downloads\bootstrap-5.0.2-dist\bootstrap-5.0.2-dist\css\bootstrap-utilities.css.map
		C:\Users\Venkat\Downloads\bootstrap-5.0.2-dist\bootstrap-5.0.2-dist\css\bootstrap-utilities.min.css = C:\Users\Venkat\Downloads\bootstrap-5.0.2-dist\bootstrap-5.0.2-dist\css\bootstrap-utilities.min.css
		C:\Users\Venkat\Downloads\bootstrap-5.0.2-dist\bootstrap-5.0.2-dist\css\bootstrap-utilities.min.css.map = C:\Users\Venkat\Downloads\bootstrap-5.0.2-dist\bootstrap-5.0.2-dist\css\bootstrap-utilities.min.css.map
		C:\Users\Venkat\Downloads\bootstrap-5.0.2-dist\bootstrap-5.0.2-dist\css\bootstrap-utilities.rtl.css = C:\Users\Venkat\Downloads\bootstrap-5.0.2-dist\bootstrap-5.0.2-dist\css\bootstrap-utilities.rtl.css
		C:\Users\Venkat\Downloads\bootstrap-5.0.2-dist\bootstrap-5.0.2-dist\css\bootstrap-utilities.rtl.css.map = C:\Users\Venkat\Downloads\bootstrap-5.0.2-dist\bootstrap-5.0.2-dist\css\bootstrap-utilities.rtl.css.map
		C:\Users\Venkat\Downloads\bootstrap-5.0.2-dist\bootstrap-5.0.2-dist\css\bootstrap-utilities.rtl.min.css = C:\Users\Venkat\Downloads\bootstrap-5.0.2-dist\bootstrap-5.0.2-dist\css\bootstrap-utilities.rtl.min.css
		C:\Users\Venkat\Downloads\bootstrap-5.0.2-dist\bootstrap-5.0.2-dist\css\bootstrap-utilities.rtl.min.css.map = C:\Users\Venkat\Downloads\bootstrap-5.0.2-dist\bootstrap-5.0.2-dist\css\bootstrap-utilities.rtl.min.css.map
		C:\Users\Venkat\Downloads\bootstrap-5.0.2-dist\bootstrap-5.0.2-dist\css\bootstrap.css = C:\Users\Venkat\Downloads\bootstrap-5.0.2-dist\bootstrap-5.0.2-dist\css\bootstrap.css
		C:\Users\Venkat\Downloads\bootstrap-5.0.2-dist\bootstrap-5.0.2-dist\css\bootstrap.css.map = C:\Users\Venkat\Downloads\bootstrap-5.0.2-dist\bootstrap-5.0.2-dist\css\bootstrap.css.map
		C:\Users\Venkat\Downloads\bootstrap-5.0.2-dist\bootstrap-5.0.2-dist\css\bootstrap.min.css = C:\Users\Venkat\Downloads\bootstrap-5.0.2-dist\bootstrap-5.0.2-dist\css\bootstrap.min.css
		C:\Users\Venkat\Downloads\bootstrap-5.0.2-dist\bootstrap-5.0.2-dist\css\bootstrap.min.css.map = C:\Users\Venkat\Downloads\bootstrap-5.0.2-dist\bootstrap-5.0.2-dist\css\bootstrap.min.css.map
		C:\Users\Venkat\Downloads\bootstrap-5.0.2-dist\bootstrap-5.0.2-dist\css\bootstrap.rtl.css = C:\Users\Venkat\Downloads\bootstrap-5.0.2-dist\bootstrap-5.0.2-dist\css\bootstrap.rtl.css
		C:\Users\Venkat\Downloads\bootstrap-5.0.2-dist\bootstrap-5.0.2-dist\css\bootstrap.rtl.css.map = C:\Users\Venkat\Downloads\bootstrap-5.0.2-dist\bootstrap-5.0.2-dist\css\bootstrap.rtl.css.map
		C:\Users\Venkat\Downloads\bootstrap-5.0.2-dist\bootstrap-5.0.2-dist\css\bootstrap.rtl.min.css = C:\Users\Venkat\Downloads\bootstrap-5.0.2-dist\bootstrap-5.0.2-dist\css\bootstrap.rtl.min.css
		C:\Users\Venkat\Downloads\bootstrap-5.0.2-dist\bootstrap-5.0.2-dist\css\bootstrap.rtl.min.css.map = C:\Users\Venkat\Downloads\bootstrap-5.0.2-dist\bootstrap-5.0.2-dist\css\bootstrap.rtl.min.css.map
	EndProjectSection
EndProject
Project("{2150E333-8FDC-42A3-9474-1A3956D46DE8}") = "js", "js", "{AAAD66FB-B234-4CD7-9B2F-BBEDCDEEA65D}"
	ProjectSection(SolutionItems) = preProject
		C:\Users\Venkat\Downloads\bootstrap-5.0.2-dist\bootstrap-5.0.2-dist\js\bootstrap.bundle.js = C:\Users\Venkat\Downloads\bootstrap-5.0.2-dist\bootstrap-5.0.2-dist\js\bootstrap.bundle.js
		C:\Users\Venkat\Downloads\bootstrap-5.0.2-dist\bootstrap-5.0.2-dist\js\bootstrap.bundle.js.map = C:\Users\Venkat\Downloads\bootstrap-5.0.2-dist\bootstrap-5.0.2-dist\js\bootstrap.bundle.js.map
		C:\Users\Venkat\Downloads\bootstrap-5.0.2-dist\bootstrap-5.0.2-dist\js\bootstrap.bundle.min.js = C:\Users\Venkat\Downloads\bootstrap-5.0.2-dist\bootstrap-5.0.2-dist\js\bootstrap.bundle.min.js
		C:\Users\Venkat\Downloads\bootstrap-5.0.2-dist\bootstrap-5.0.2-dist\js\bootstrap.bundle.min.js.map = C:\Users\Venkat\Downloads\bootstrap-5.0.2-dist\bootstrap-5.0.2-dist\js\bootstrap.bundle.min.js.map
		C:\Users\Venkat\Downloads\bootstrap-5.0.2-dist\bootstrap-5.0.2-dist\js\bootstrap.esm.js = C:\Users\Venkat\Downloads\bootstrap-5.0.2-dist\bootstrap-5.0.2-dist\js\bootstrap.esm.js
		C:\Users\Venkat\Downloads\bootstrap-5.0.2-dist\bootstrap-5.0.2-dist\js\bootstrap.esm.js.map = C:\Users\Venkat\Downloads\bootstrap-5.0.2-dist\bootstrap-5.0.2-dist\js\bootstrap.esm.js.map
		C:\Users\Venkat\Downloads\bootstrap-5.0.2-dist\bootstrap-5.0.2-dist\js\bootstrap.esm.min.js = C:\Users\Venkat\Downloads\bootstrap-5.0.2-dist\bootstrap-5.0.2-dist\js\bootstrap.esm.min.js
		C:\Users\Venkat\Downloads\bootstrap-5.0.2-dist\bootstrap-5.0.2-dist\js\bootstrap.esm.min.js.map = C:\Users\Venkat\Downloads\bootstrap-5.0.2-dist\bootstrap-5.0.2-dist\js\bootstrap.esm.min.js.map
		C:\Users\Venkat\Downloads\bootstrap-5.0.2-dist\bootstrap-5.0.2-dist\js\bootstrap.js = C:\Users\Venkat\Downloads\bootstrap-5.0.2-dist\bootstrap-5.0.2-dist\js\bootstrap.js
		C:\Users\Venkat\Downloads\bootstrap-5.0.2-dist\bootstrap-5.0.2-dist\js\bootstrap.js.map = C:\Users\Venkat\Downloads\bootstrap-5.0.2-dist\bootstrap-5.0.2-dist\js\bootstrap.js.map
		C:\Users\Venkat\Downloads\bootstrap-5.0.2-dist\bootstrap-5.0.2-dist\js\bootstrap.min.js = C:\Users\Venkat\Downloads\bootstrap-5.0.2-dist\bootstrap-5.0.2-dist\js\bootstrap.min.js
		C:\Users\Venkat\Downloads\bootstrap-5.0.2-dist\bootstrap-5.0.2-dist\js\bootstrap.min.js.map = C:\Users\Venkat\Downloads\bootstrap-5.0.2-dist\bootstrap-5.0.2-dist\js\bootstrap.min.js.map
	EndProjectSection
EndProject
Project("{FAE04EC0-301F-11D3-BF4B-00C04F79EFBC}") = "WebApplication1", "WebApplication1\WebApplication1.csproj", "{8ADDC103-B7D9-4B8C-BCE3-E5E31DD337D9}"
EndProject
Project("{2150E333-8FDC-42A3-9474-1A3956D46DE8}") = "MVC Demos", "MVC Demos", "{F808D7D6-18B1-4DE5-B199-9A5BB8D54F2E}"
EndProject
Project("{FAE04EC0-301F-11D3-BF4B-00C04F79EFBC}") = "HelloWorldWebApplication", "HelloWorldWebApplication\HelloWorldWebApplication.csproj", "{23080A6A-3BA2-43DA-97AD-B510BCB00A41}"
EndProject
Project("{2150E333-8FDC-42A3-9474-1A3956D46DE8}") = "Knowledge Hub Portal", "Knowledge Hub Portal", "{2D716834-7188-4438-B83A-0C22BADE6554}"
EndProject
Project("{2150E333-8FDC-42A3-9474-1A3956D46DE8}") = "Domain Layer", "Domain Layer", "{5A3CCF5D-52B6-4852-9178-0AC10C60911D}"
EndProject
Project("{2150E333-8FDC-42A3-9474-1A3956D46DE8}") = "Data Layer", "Data Layer", "{BBA294BF-24AB-477D-95AA-66D7F849CD40}"
EndProject
Project("{2150E333-8FDC-42A3-9474-1A3956D46DE8}") = "Presentation Layer", "Presentation Layer", "{0A63A2F3-263B-4859-8C87-88FA4187B98C}"
EndProject
Project("{9A19103F-16F7-4668-BE54-9A1E7A4F7556}") = "KnowledgeHubPortal.Domain", "KnowledgeHubPortal.Domain\KnowledgeHubPortal.Domain.csproj", "{289D8DFC-B063-4DBD-8411-31F908CE5F40}"
EndProject
Project("{9A19103F-16F7-4668-BE54-9A1E7A4F7556}") = "KnowledgeHubPortal.Data", "KnowledgeHubPortal.Data\KnowledgeHubPortal.Data.csproj", "{36AA1C31-1249-4E1D-B195-0AF012137FF0}"
EndProject
Project("{9A19103F-16F7-4668-BE54-9A1E7A4F7556}") = "KnowledgeHubPortal.WebApp", "KnowledgeHubPortal.WebApp\KnowledgeHubPortal.WebApp.csproj", "{5BB625A5-76CD-47DA-A1D6-D441F35A4BC8}"
EndProject
Project("{2150E333-8FDC-42A3-9474-1A3956D46DE8}") = "Web API", "Web API", "{FCE4BA03-F6CB-4E78-8FD0-9D5762718C50}"
EndProject
Project("{FAE04EC0-301F-11D3-BF4B-00C04F79EFBC}") = "EmployeeService", "EmployeeService\EmployeeService.csproj", "{DCCA7B82-0BFF-42C0-B83B-B07176D5160E}"
EndProject
Project("{FAE04EC0-301F-11D3-BF4B-00C04F79EFBC}") = "EmployeeServiceClientConsoleApp", "EmployeeServiceClientConsoleApp\EmployeeServiceClientConsoleApp.csproj", "{008B520B-BEE7-49D9-9547-32828E14637A}"
EndProject
Project("{FAE04EC0-301F-11D3-BF4B-00C04F79EFBC}") = "EmployeeServiceClientWebApplication", "EmployeeServiceClientWebApplication\EmployeeServiceClientWebApplication.csproj", "{18428925-B4CE-417A-BD85-3CA9CA054C1C}"
EndProject
Global
	GlobalSection(SolutionConfigurationPlatforms) = preSolution
		Debug|Any CPU = Debug|Any CPU
		Release|Any CPU = Release|Any CPU
	EndGlobalSection
	GlobalSection(ProjectConfigurationPlatforms) = postSolution
		{C51B1A86-4222-428A-B8A1-AB5EB7572B54}.Debug|Any CPU.ActiveCfg = Debug|Any CPU
		{C51B1A86-4222-428A-B8A1-AB5EB7572B54}.Debug|Any CPU.Build.0 = Debug|Any CPU
		{C51B1A86-4222-428A-B8A1-AB5EB7572B54}.Release|Any CPU.ActiveCfg = Release|Any CPU
		{C51B1A86-4222-428A-B8A1-AB5EB7572B54}.Release|Any CPU.Build.0 = Release|Any CPU
		{AB76F1C2-9BA3-41A2-97F8-F3720516E4A6}.Debug|Any CPU.ActiveCfg = Debug|Any CPU
		{AB76F1C2-9BA3-41A2-97F8-F3720516E4A6}.Debug|Any CPU.Build.0 = Debug|Any CPU
		{AB76F1C2-9BA3-41A2-97F8-F3720516E4A6}.Release|Any CPU.ActiveCfg = Release|Any CPU
		{AB76F1C2-9BA3-41A2-97F8-F3720516E4A6}.Release|Any CPU.Build.0 = Release|Any CPU
		{FC602FE5-BA80-4035-B1F9-4D973DCEB6F4}.Debug|Any CPU.ActiveCfg = Debug|Any CPU
		{FC602FE5-BA80-4035-B1F9-4D973DCEB6F4}.Debug|Any CPU.Build.0 = Debug|Any CPU
		{FC602FE5-BA80-4035-B1F9-4D973DCEB6F4}.Release|Any CPU.ActiveCfg = Release|Any CPU
		{FC602FE5-BA80-4035-B1F9-4D973DCEB6F4}.Release|Any CPU.Build.0 = Release|Any CPU
		{7CFA7A2D-54E4-47B4-AF1F-37B35E506760}.Debug|Any CPU.ActiveCfg = Debug|Any CPU
		{7CFA7A2D-54E4-47B4-AF1F-37B35E506760}.Debug|Any CPU.Build.0 = Debug|Any CPU
		{7CFA7A2D-54E4-47B4-AF1F-37B35E506760}.Release|Any CPU.ActiveCfg = Release|Any CPU
		{7CFA7A2D-54E4-47B4-AF1F-37B35E506760}.Release|Any CPU.Build.0 = Release|Any CPU
		{EEA9F841-A5BF-4FC2-A4BB-FD51CFFA7D6A}.Debug|Any CPU.ActiveCfg = Debug|Any CPU
		{EEA9F841-A5BF-4FC2-A4BB-FD51CFFA7D6A}.Debug|Any CPU.Build.0 = Debug|Any CPU
		{EEA9F841-A5BF-4FC2-A4BB-FD51CFFA7D6A}.Release|Any CPU.ActiveCfg = Release|Any CPU
		{EEA9F841-A5BF-4FC2-A4BB-FD51CFFA7D6A}.Release|Any CPU.Build.0 = Release|Any CPU
		{ACF825C2-2F3E-4FA9-951C-8AA44A7F2A87}.Debug|Any CPU.ActiveCfg = Debug|Any CPU
		{ACF825C2-2F3E-4FA9-951C-8AA44A7F2A87}.Debug|Any CPU.Build.0 = Debug|Any CPU
		{ACF825C2-2F3E-4FA9-951C-8AA44A7F2A87}.Release|Any CPU.ActiveCfg = Release|Any CPU
		{ACF825C2-2F3E-4FA9-951C-8AA44A7F2A87}.Release|Any CPU.Build.0 = Release|Any CPU
		{6884E5B4-D831-4589-B63A-A5D254FC1671}.Debug|Any CPU.ActiveCfg = Debug|Any CPU
		{6884E5B4-D831-4589-B63A-A5D254FC1671}.Debug|Any CPU.Build.0 = Debug|Any CPU
		{6884E5B4-D831-4589-B63A-A5D254FC1671}.Release|Any CPU.ActiveCfg = Release|Any CPU
		{6884E5B4-D831-4589-B63A-A5D254FC1671}.Release|Any CPU.Build.0 = Release|Any CPU
		{976B6EEE-F991-45EF-915F-97CA968B96BD}.Debug|Any CPU.ActiveCfg = Debug|Any CPU
		{976B6EEE-F991-45EF-915F-97CA968B96BD}.Debug|Any CPU.Build.0 = Debug|Any CPU
		{976B6EEE-F991-45EF-915F-97CA968B96BD}.Release|Any CPU.ActiveCfg = Release|Any CPU
		{976B6EEE-F991-45EF-915F-97CA968B96BD}.Release|Any CPU.Build.0 = Release|Any CPU
		{6676975F-5708-47BB-AAAA-82ED72B9A710}.Debug|Any CPU.ActiveCfg = Debug|Any CPU
		{6676975F-5708-47BB-AAAA-82ED72B9A710}.Debug|Any CPU.Build.0 = Debug|Any CPU
		{6676975F-5708-47BB-AAAA-82ED72B9A710}.Release|Any CPU.ActiveCfg = Release|Any CPU
		{6676975F-5708-47BB-AAAA-82ED72B9A710}.Release|Any CPU.Build.0 = Release|Any CPU
		{1C52F095-9437-4E52-87A2-83B263A6057A}.Debug|Any CPU.ActiveCfg = Debug|Any CPU
		{1C52F095-9437-4E52-87A2-83B263A6057A}.Debug|Any CPU.Build.0 = Debug|Any CPU
		{1C52F095-9437-4E52-87A2-83B263A6057A}.Release|Any CPU.ActiveCfg = Release|Any CPU
		{1C52F095-9437-4E52-87A2-83B263A6057A}.Release|Any CPU.Build.0 = Release|Any CPU
		{5C782C2B-FCFB-41C0-BB2E-892550564F8D}.Debug|Any CPU.ActiveCfg = Debug|Any CPU
		{5C782C2B-FCFB-41C0-BB2E-892550564F8D}.Debug|Any CPU.Build.0 = Debug|Any CPU
		{5C782C2B-FCFB-41C0-BB2E-892550564F8D}.Release|Any CPU.ActiveCfg = Release|Any CPU
		{5C782C2B-FCFB-41C0-BB2E-892550564F8D}.Release|Any CPU.Build.0 = Release|Any CPU
		{D1D10614-23C6-45E6-B6AE-44115ADB8832}.Debug|Any CPU.ActiveCfg = Debug|Any CPU
		{D1D10614-23C6-45E6-B6AE-44115ADB8832}.Debug|Any CPU.Build.0 = Debug|Any CPU
		{D1D10614-23C6-45E6-B6AE-44115ADB8832}.Release|Any CPU.ActiveCfg = Release|Any CPU
		{D1D10614-23C6-45E6-B6AE-44115ADB8832}.Release|Any CPU.Build.0 = Release|Any CPU
		{0043C7C9-1E7E-46DC-8992-7D87BC7C3792}.Debug|Any CPU.ActiveCfg = Debug|Any CPU
		{0043C7C9-1E7E-46DC-8992-7D87BC7C3792}.Debug|Any CPU.Build.0 = Debug|Any CPU
		{0043C7C9-1E7E-46DC-8992-7D87BC7C3792}.Release|Any CPU.ActiveCfg = Release|Any CPU
		{0043C7C9-1E7E-46DC-8992-7D87BC7C3792}.Release|Any CPU.Build.0 = Release|Any CPU
		{74C24991-9F39-4FE5-B718-8BADF5204C05}.Debug|Any CPU.ActiveCfg = Debug|Any CPU
		{74C24991-9F39-4FE5-B718-8BADF5204C05}.Debug|Any CPU.Build.0 = Debug|Any CPU
		{74C24991-9F39-4FE5-B718-8BADF5204C05}.Release|Any CPU.ActiveCfg = Release|Any CPU
		{74C24991-9F39-4FE5-B718-8BADF5204C05}.Release|Any CPU.Build.0 = Release|Any CPU
		{78F8BA4D-2A0F-4CBC-95D5-72F14555BBD4}.Debug|Any CPU.ActiveCfg = Debug|Any CPU
		{78F8BA4D-2A0F-4CBC-95D5-72F14555BBD4}.Debug|Any CPU.Build.0 = Debug|Any CPU
		{78F8BA4D-2A0F-4CBC-95D5-72F14555BBD4}.Release|Any CPU.ActiveCfg = Release|Any CPU
		{78F8BA4D-2A0F-4CBC-95D5-72F14555BBD4}.Release|Any CPU.Build.0 = Release|Any CPU
		{1A016A70-B93B-4D13-8C65-125819D9245C}.Debug|Any CPU.ActiveCfg = Debug|Any CPU
		{1A016A70-B93B-4D13-8C65-125819D9245C}.Debug|Any CPU.Build.0 = Debug|Any CPU
		{1A016A70-B93B-4D13-8C65-125819D9245C}.Release|Any CPU.ActiveCfg = Release|Any CPU
		{1A016A70-B93B-4D13-8C65-125819D9245C}.Release|Any CPU.Build.0 = Release|Any CPU
		{C43F4089-7D78-4ED9-8980-FAB93159B247}.Debug|Any CPU.ActiveCfg = Debug|Any CPU
		{C43F4089-7D78-4ED9-8980-FAB93159B247}.Debug|Any CPU.Build.0 = Debug|Any CPU
		{C43F4089-7D78-4ED9-8980-FAB93159B247}.Release|Any CPU.ActiveCfg = Release|Any CPU
		{C43F4089-7D78-4ED9-8980-FAB93159B247}.Release|Any CPU.Build.0 = Release|Any CPU
		{5937B53C-190F-46BF-A212-5698FB52F721}.Debug|Any CPU.ActiveCfg = Debug|Any CPU
		{5937B53C-190F-46BF-A212-5698FB52F721}.Debug|Any CPU.Build.0 = Debug|Any CPU
		{5937B53C-190F-46BF-A212-5698FB52F721}.Release|Any CPU.ActiveCfg = Release|Any CPU
		{5937B53C-190F-46BF-A212-5698FB52F721}.Release|Any CPU.Build.0 = Release|Any CPU
		{9A5B5BFD-DFBA-4EC9-A50D-5ADC98C84A69}.Debug|Any CPU.ActiveCfg = Debug|Any CPU
		{9A5B5BFD-DFBA-4EC9-A50D-5ADC98C84A69}.Debug|Any CPU.Build.0 = Debug|Any CPU
		{9A5B5BFD-DFBA-4EC9-A50D-5ADC98C84A69}.Release|Any CPU.ActiveCfg = Release|Any CPU
		{9A5B5BFD-DFBA-4EC9-A50D-5ADC98C84A69}.Release|Any CPU.Build.0 = Release|Any CPU
		{1896A501-DC14-4EBF-8E9E-7277C8716D85}.Debug|Any CPU.ActiveCfg = Debug|Any CPU
		{1896A501-DC14-4EBF-8E9E-7277C8716D85}.Debug|Any CPU.Build.0 = Debug|Any CPU
		{1896A501-DC14-4EBF-8E9E-7277C8716D85}.Release|Any CPU.ActiveCfg = Release|Any CPU
		{1896A501-DC14-4EBF-8E9E-7277C8716D85}.Release|Any CPU.Build.0 = Release|Any CPU
		{07BA5766-49C0-4CB3-A4D8-0A5BCE48F356}.Debug|Any CPU.ActiveCfg = Debug|Any CPU
		{07BA5766-49C0-4CB3-A4D8-0A5BCE48F356}.Debug|Any CPU.Build.0 = Debug|Any CPU
		{07BA5766-49C0-4CB3-A4D8-0A5BCE48F356}.Release|Any CPU.ActiveCfg = Release|Any CPU
		{07BA5766-49C0-4CB3-A4D8-0A5BCE48F356}.Release|Any CPU.Build.0 = Release|Any CPU
		{A89AB750-0CD9-43A5-8321-4E0C04809EBD}.Debug|Any CPU.ActiveCfg = Debug|Any CPU
		{A89AB750-0CD9-43A5-8321-4E0C04809EBD}.Debug|Any CPU.Build.0 = Debug|Any CPU
		{A89AB750-0CD9-43A5-8321-4E0C04809EBD}.Release|Any CPU.ActiveCfg = Release|Any CPU
		{A89AB750-0CD9-43A5-8321-4E0C04809EBD}.Release|Any CPU.Build.0 = Release|Any CPU
		{92DA6718-CC30-446E-87E2-DD6F29FE0544}.Debug|Any CPU.ActiveCfg = Debug|Any CPU
		{92DA6718-CC30-446E-87E2-DD6F29FE0544}.Debug|Any CPU.Build.0 = Debug|Any CPU
		{92DA6718-CC30-446E-87E2-DD6F29FE0544}.Release|Any CPU.ActiveCfg = Release|Any CPU
		{92DA6718-CC30-446E-87E2-DD6F29FE0544}.Release|Any CPU.Build.0 = Release|Any CPU
		{8AFA112A-09C4-442D-89FB-A1D137CF7BA8}.Debug|Any CPU.ActiveCfg = Debug|Any CPU
		{8AFA112A-09C4-442D-89FB-A1D137CF7BA8}.Debug|Any CPU.Build.0 = Debug|Any CPU
		{8AFA112A-09C4-442D-89FB-A1D137CF7BA8}.Release|Any CPU.ActiveCfg = Release|Any CPU
		{8AFA112A-09C4-442D-89FB-A1D137CF7BA8}.Release|Any CPU.Build.0 = Release|Any CPU
		{E624A691-C9E9-4593-BF8B-1289C6AD4CBF}.Debug|Any CPU.ActiveCfg = Debug|Any CPU
		{E624A691-C9E9-4593-BF8B-1289C6AD4CBF}.Debug|Any CPU.Build.0 = Debug|Any CPU
		{E624A691-C9E9-4593-BF8B-1289C6AD4CBF}.Release|Any CPU.ActiveCfg = Release|Any CPU
		{E624A691-C9E9-4593-BF8B-1289C6AD4CBF}.Release|Any CPU.Build.0 = Release|Any CPU
		{E72C3B9D-8AFF-4068-BDE8-1606DCBCF743}.Debug|Any CPU.ActiveCfg = Debug|Any CPU
		{E72C3B9D-8AFF-4068-BDE8-1606DCBCF743}.Debug|Any CPU.Build.0 = Debug|Any CPU
		{E72C3B9D-8AFF-4068-BDE8-1606DCBCF743}.Release|Any CPU.ActiveCfg = Release|Any CPU
		{E72C3B9D-8AFF-4068-BDE8-1606DCBCF743}.Release|Any CPU.Build.0 = Release|Any CPU
		{F9D1FAB8-AD21-4D41-B480-7D892E11C1E1}.Debug|Any CPU.ActiveCfg = Debug|Any CPU
		{F9D1FAB8-AD21-4D41-B480-7D892E11C1E1}.Debug|Any CPU.Build.0 = Debug|Any CPU
		{F9D1FAB8-AD21-4D41-B480-7D892E11C1E1}.Release|Any CPU.ActiveCfg = Release|Any CPU
		{F9D1FAB8-AD21-4D41-B480-7D892E11C1E1}.Release|Any CPU.Build.0 = Release|Any CPU
		{6392951F-1E8F-4673-84BB-6D2475FD1F7C}.Debug|Any CPU.ActiveCfg = Debug|Any CPU
		{6392951F-1E8F-4673-84BB-6D2475FD1F7C}.Debug|Any CPU.Build.0 = Debug|Any CPU
		{6392951F-1E8F-4673-84BB-6D2475FD1F7C}.Release|Any CPU.ActiveCfg = Release|Any CPU
		{6392951F-1E8F-4673-84BB-6D2475FD1F7C}.Release|Any CPU.Build.0 = Release|Any CPU
		{1AA5A52D-2DAA-4E61-9368-08550A26BA4C}.Debug|Any CPU.ActiveCfg = Debug|Any CPU
		{1AA5A52D-2DAA-4E61-9368-08550A26BA4C}.Debug|Any CPU.Build.0 = Debug|Any CPU
		{1AA5A52D-2DAA-4E61-9368-08550A26BA4C}.Release|Any CPU.ActiveCfg = Release|Any CPU
		{1AA5A52D-2DAA-4E61-9368-08550A26BA4C}.Release|Any CPU.Build.0 = Release|Any CPU
		{20CF51F8-6B58-4F9F-8290-46E5FC95E197}.Debug|Any CPU.ActiveCfg = Debug|Any CPU
		{20CF51F8-6B58-4F9F-8290-46E5FC95E197}.Debug|Any CPU.Build.0 = Debug|Any CPU
		{20CF51F8-6B58-4F9F-8290-46E5FC95E197}.Release|Any CPU.ActiveCfg = Release|Any CPU
		{20CF51F8-6B58-4F9F-8290-46E5FC95E197}.Release|Any CPU.Build.0 = Release|Any CPU
		{BCF8643E-4F39-42E9-BBA8-A04DE8A8790E}.Debug|Any CPU.ActiveCfg = Debug|Any CPU
		{BCF8643E-4F39-42E9-BBA8-A04DE8A8790E}.Debug|Any CPU.Build.0 = Debug|Any CPU
		{BCF8643E-4F39-42E9-BBA8-A04DE8A8790E}.Release|Any CPU.ActiveCfg = Release|Any CPU
		{BCF8643E-4F39-42E9-BBA8-A04DE8A8790E}.Release|Any CPU.Build.0 = Release|Any CPU
		{A66A9BCA-8CA8-4C0A-8760-6D049A428003}.Debug|Any CPU.ActiveCfg = Debug|Any CPU
		{A66A9BCA-8CA8-4C0A-8760-6D049A428003}.Debug|Any CPU.Build.0 = Debug|Any CPU
		{A66A9BCA-8CA8-4C0A-8760-6D049A428003}.Release|Any CPU.ActiveCfg = Release|Any CPU
		{A66A9BCA-8CA8-4C0A-8760-6D049A428003}.Release|Any CPU.Build.0 = Release|Any CPU
		{4DA112AE-3848-414F-BBFF-AF26155D940A}.Debug|Any CPU.ActiveCfg = Debug|Any CPU
		{4DA112AE-3848-414F-BBFF-AF26155D940A}.Debug|Any CPU.Build.0 = Debug|Any CPU
		{4DA112AE-3848-414F-BBFF-AF26155D940A}.Release|Any CPU.ActiveCfg = Release|Any CPU
		{4DA112AE-3848-414F-BBFF-AF26155D940A}.Release|Any CPU.Build.0 = Release|Any CPU
		{F9590787-5166-4706-B109-EFD914191791}.Debug|Any CPU.ActiveCfg = Debug|Any CPU
		{F9590787-5166-4706-B109-EFD914191791}.Debug|Any CPU.Build.0 = Debug|Any CPU
		{F9590787-5166-4706-B109-EFD914191791}.Release|Any CPU.ActiveCfg = Release|Any CPU
		{F9590787-5166-4706-B109-EFD914191791}.Release|Any CPU.Build.0 = Release|Any CPU
		{2917DC42-33B9-4AB9-9850-F92E6672F15A}.Debug|Any CPU.ActiveCfg = Debug|Any CPU
		{2917DC42-33B9-4AB9-9850-F92E6672F15A}.Debug|Any CPU.Build.0 = Debug|Any CPU
		{2917DC42-33B9-4AB9-9850-F92E6672F15A}.Release|Any CPU.ActiveCfg = Release|Any CPU
		{2917DC42-33B9-4AB9-9850-F92E6672F15A}.Release|Any CPU.Build.0 = Release|Any CPU
		{C1141EA9-00BC-4CDA-91D6-494E0192A534}.Debug|Any CPU.ActiveCfg = Debug|Any CPU
		{C1141EA9-00BC-4CDA-91D6-494E0192A534}.Debug|Any CPU.Build.0 = Debug|Any CPU
		{C1141EA9-00BC-4CDA-91D6-494E0192A534}.Release|Any CPU.ActiveCfg = Release|Any CPU
		{C1141EA9-00BC-4CDA-91D6-494E0192A534}.Release|Any CPU.Build.0 = Release|Any CPU
		{8EEA6163-30A9-4762-A3EC-18FFD9932ED9}.Debug|Any CPU.ActiveCfg = Debug|Any CPU
		{8EEA6163-30A9-4762-A3EC-18FFD9932ED9}.Debug|Any CPU.Build.0 = Debug|Any CPU
		{8EEA6163-30A9-4762-A3EC-18FFD9932ED9}.Release|Any CPU.ActiveCfg = Release|Any CPU
		{8EEA6163-30A9-4762-A3EC-18FFD9932ED9}.Release|Any CPU.Build.0 = Release|Any CPU
		{EC9B221C-7ADE-4734-8400-DA037C457451}.Debug|Any CPU.ActiveCfg = Debug|Any CPU
		{EC9B221C-7ADE-4734-8400-DA037C457451}.Debug|Any CPU.Build.0 = Debug|Any CPU
		{EC9B221C-7ADE-4734-8400-DA037C457451}.Release|Any CPU.ActiveCfg = Release|Any CPU
		{EC9B221C-7ADE-4734-8400-DA037C457451}.Release|Any CPU.Build.0 = Release|Any CPU
		{8C554E8B-EF02-406E-8A2A-CA50C27BD9EF}.Debug|Any CPU.ActiveCfg = Debug|Any CPU
		{8C554E8B-EF02-406E-8A2A-CA50C27BD9EF}.Debug|Any CPU.Build.0 = Debug|Any CPU
		{8C554E8B-EF02-406E-8A2A-CA50C27BD9EF}.Release|Any CPU.ActiveCfg = Release|Any CPU
		{8C554E8B-EF02-406E-8A2A-CA50C27BD9EF}.Release|Any CPU.Build.0 = Release|Any CPU
		{F8B8BB82-B612-4B7E-88F0-DD5C38F3DA66}.Debug|Any CPU.ActiveCfg = Debug|Any CPU
		{F8B8BB82-B612-4B7E-88F0-DD5C38F3DA66}.Debug|Any CPU.Build.0 = Debug|Any CPU
		{F8B8BB82-B612-4B7E-88F0-DD5C38F3DA66}.Release|Any CPU.ActiveCfg = Release|Any CPU
		{F8B8BB82-B612-4B7E-88F0-DD5C38F3DA66}.Release|Any CPU.Build.0 = Release|Any CPU
		{B7EA90BE-1042-42C9-B96F-A8A0F095C3B9}.Debug|Any CPU.ActiveCfg = Debug|Any CPU
		{B7EA90BE-1042-42C9-B96F-A8A0F095C3B9}.Debug|Any CPU.Build.0 = Debug|Any CPU
		{B7EA90BE-1042-42C9-B96F-A8A0F095C3B9}.Release|Any CPU.ActiveCfg = Release|Any CPU
		{B7EA90BE-1042-42C9-B96F-A8A0F095C3B9}.Release|Any CPU.Build.0 = Release|Any CPU
		{0CACF94A-3EBD-48AE-88F9-55989AA39324}.Debug|Any CPU.ActiveCfg = Debug|Any CPU
		{0CACF94A-3EBD-48AE-88F9-55989AA39324}.Debug|Any CPU.Build.0 = Debug|Any CPU
		{0CACF94A-3EBD-48AE-88F9-55989AA39324}.Release|Any CPU.ActiveCfg = Release|Any CPU
		{0CACF94A-3EBD-48AE-88F9-55989AA39324}.Release|Any CPU.Build.0 = Release|Any CPU
		{5DA0C887-437F-42DB-8BAC-1A8EEE1F8C57}.Debug|Any CPU.ActiveCfg = Debug|Any CPU
		{5DA0C887-437F-42DB-8BAC-1A8EEE1F8C57}.Debug|Any CPU.Build.0 = Debug|Any CPU
		{5DA0C887-437F-42DB-8BAC-1A8EEE1F8C57}.Release|Any CPU.ActiveCfg = Release|Any CPU
		{5DA0C887-437F-42DB-8BAC-1A8EEE1F8C57}.Release|Any CPU.Build.0 = Release|Any CPU
		{69A795CC-39FD-4A24-81EB-D98D2E3531DB}.Debug|Any CPU.ActiveCfg = Debug|Any CPU
		{69A795CC-39FD-4A24-81EB-D98D2E3531DB}.Debug|Any CPU.Build.0 = Debug|Any CPU
		{69A795CC-39FD-4A24-81EB-D98D2E3531DB}.Release|Any CPU.ActiveCfg = Release|Any CPU
		{69A795CC-39FD-4A24-81EB-D98D2E3531DB}.Release|Any CPU.Build.0 = Release|Any CPU
		{8ADDC103-B7D9-4B8C-BCE3-E5E31DD337D9}.Debug|Any CPU.ActiveCfg = Debug|Any CPU
		{8ADDC103-B7D9-4B8C-BCE3-E5E31DD337D9}.Debug|Any CPU.Build.0 = Debug|Any CPU
		{8ADDC103-B7D9-4B8C-BCE3-E5E31DD337D9}.Release|Any CPU.ActiveCfg = Release|Any CPU
		{8ADDC103-B7D9-4B8C-BCE3-E5E31DD337D9}.Release|Any CPU.Build.0 = Release|Any CPU
		{23080A6A-3BA2-43DA-97AD-B510BCB00A41}.Debug|Any CPU.ActiveCfg = Debug|Any CPU
		{23080A6A-3BA2-43DA-97AD-B510BCB00A41}.Debug|Any CPU.Build.0 = Debug|Any CPU
		{23080A6A-3BA2-43DA-97AD-B510BCB00A41}.Release|Any CPU.ActiveCfg = Release|Any CPU
		{23080A6A-3BA2-43DA-97AD-B510BCB00A41}.Release|Any CPU.Build.0 = Release|Any CPU
		{289D8DFC-B063-4DBD-8411-31F908CE5F40}.Debug|Any CPU.ActiveCfg = Debug|Any CPU
		{289D8DFC-B063-4DBD-8411-31F908CE5F40}.Debug|Any CPU.Build.0 = Debug|Any CPU
		{289D8DFC-B063-4DBD-8411-31F908CE5F40}.Release|Any CPU.ActiveCfg = Release|Any CPU
		{289D8DFC-B063-4DBD-8411-31F908CE5F40}.Release|Any CPU.Build.0 = Release|Any CPU
		{36AA1C31-1249-4E1D-B195-0AF012137FF0}.Debug|Any CPU.ActiveCfg = Debug|Any CPU
		{36AA1C31-1249-4E1D-B195-0AF012137FF0}.Debug|Any CPU.Build.0 = Debug|Any CPU
		{36AA1C31-1249-4E1D-B195-0AF012137FF0}.Release|Any CPU.ActiveCfg = Release|Any CPU
		{36AA1C31-1249-4E1D-B195-0AF012137FF0}.Release|Any CPU.Build.0 = Release|Any CPU
		{5BB625A5-76CD-47DA-A1D6-D441F35A4BC8}.Debug|Any CPU.ActiveCfg = Debug|Any CPU
		{5BB625A5-76CD-47DA-A1D6-D441F35A4BC8}.Debug|Any CPU.Build.0 = Debug|Any CPU
		{5BB625A5-76CD-47DA-A1D6-D441F35A4BC8}.Release|Any CPU.ActiveCfg = Release|Any CPU
		{5BB625A5-76CD-47DA-A1D6-D441F35A4BC8}.Release|Any CPU.Build.0 = Release|Any CPU
		{DCCA7B82-0BFF-42C0-B83B-B07176D5160E}.Debug|Any CPU.ActiveCfg = Debug|Any CPU
		{DCCA7B82-0BFF-42C0-B83B-B07176D5160E}.Debug|Any CPU.Build.0 = Debug|Any CPU
		{DCCA7B82-0BFF-42C0-B83B-B07176D5160E}.Release|Any CPU.ActiveCfg = Release|Any CPU
		{DCCA7B82-0BFF-42C0-B83B-B07176D5160E}.Release|Any CPU.Build.0 = Release|Any CPU
		{008B520B-BEE7-49D9-9547-32828E14637A}.Debug|Any CPU.ActiveCfg = Debug|Any CPU
		{008B520B-BEE7-49D9-9547-32828E14637A}.Debug|Any CPU.Build.0 = Debug|Any CPU
		{008B520B-BEE7-49D9-9547-32828E14637A}.Release|Any CPU.ActiveCfg = Release|Any CPU
		{008B520B-BEE7-49D9-9547-32828E14637A}.Release|Any CPU.Build.0 = Release|Any CPU
		{18428925-B4CE-417A-BD85-3CA9CA054C1C}.Debug|Any CPU.ActiveCfg = Debug|Any CPU
		{18428925-B4CE-417A-BD85-3CA9CA054C1C}.Debug|Any CPU.Build.0 = Debug|Any CPU
		{18428925-B4CE-417A-BD85-3CA9CA054C1C}.Release|Any CPU.ActiveCfg = Release|Any CPU
		{18428925-B4CE-417A-BD85-3CA9CA054C1C}.Release|Any CPU.Build.0 = Release|Any CPU
	EndGlobalSection
	GlobalSection(SolutionProperties) = preSolution
		HideSolutionNode = FALSE
	EndGlobalSection
	GlobalSection(NestedProjects) = preSolution
		{C51B1A86-4222-428A-B8A1-AB5EB7572B54} = {8674CFFF-5B65-49B7-8398-91592A36A2F4}
		{AB76F1C2-9BA3-41A2-97F8-F3720516E4A6} = {3014BFD6-0255-4F5D-95CB-F4DD93F59D0D}
		{8674CFFF-5B65-49B7-8398-91592A36A2F4} = {8163B61D-FC3E-4384-BE68-3F2AAE829B72}
		{3014BFD6-0255-4F5D-95CB-F4DD93F59D0D} = {8163B61D-FC3E-4384-BE68-3F2AAE829B72}
		{B43E2CFB-A265-4838-A3B7-5319E0118056} = {8163B61D-FC3E-4384-BE68-3F2AAE829B72}
		{FC602FE5-BA80-4035-B1F9-4D973DCEB6F4} = {8674CFFF-5B65-49B7-8398-91592A36A2F4}
		{7CFA7A2D-54E4-47B4-AF1F-37B35E506760} = {96917E17-C19C-4AA2-BB5D-9F93CCFC7892}
		{EEA9F841-A5BF-4FC2-A4BB-FD51CFFA7D6A} = {ABC814C5-0626-45BB-BD7C-61C5ACCB3783}
		{ACF825C2-2F3E-4FA9-951C-8AA44A7F2A87} = {ABC814C5-0626-45BB-BD7C-61C5ACCB3783}
		{6884E5B4-D831-4589-B63A-A5D254FC1671} = {ABC814C5-0626-45BB-BD7C-61C5ACCB3783}
		{976B6EEE-F991-45EF-915F-97CA968B96BD} = {ABC814C5-0626-45BB-BD7C-61C5ACCB3783}
		{6676975F-5708-47BB-AAAA-82ED72B9A710} = {ABC814C5-0626-45BB-BD7C-61C5ACCB3783}
		{1C52F095-9437-4E52-87A2-83B263A6057A} = {ABC814C5-0626-45BB-BD7C-61C5ACCB3783}
		{5C782C2B-FCFB-41C0-BB2E-892550564F8D} = {ABC814C5-0626-45BB-BD7C-61C5ACCB3783}
		{D1D10614-23C6-45E6-B6AE-44115ADB8832} = {ABC814C5-0626-45BB-BD7C-61C5ACCB3783}
		{0043C7C9-1E7E-46DC-8992-7D87BC7C3792} = {ABC814C5-0626-45BB-BD7C-61C5ACCB3783}
		{74C24991-9F39-4FE5-B718-8BADF5204C05} = {ABC814C5-0626-45BB-BD7C-61C5ACCB3783}
		{78F8BA4D-2A0F-4CBC-95D5-72F14555BBD4} = {895490BF-B445-48B1-BCE4-933C8187C55D}
		{1A016A70-B93B-4D13-8C65-125819D9245C} = {9F16FE99-59A5-4028-9013-FAECBD23AEFC}
		{C43F4089-7D78-4ED9-8980-FAB93159B247} = {9F16FE99-59A5-4028-9013-FAECBD23AEFC}
		{5937B53C-190F-46BF-A212-5698FB52F721} = {BB32C676-9F4E-427D-B294-87B914F3848D}
		{9A5B5BFD-DFBA-4EC9-A50D-5ADC98C84A69} = {BB32C676-9F4E-427D-B294-87B914F3848D}
		{1896A501-DC14-4EBF-8E9E-7277C8716D85} = {BB32C676-9F4E-427D-B294-87B914F3848D}
		{07BA5766-49C0-4CB3-A4D8-0A5BCE48F356} = {BB32C676-9F4E-427D-B294-87B914F3848D}
		{A89AB750-0CD9-43A5-8321-4E0C04809EBD} = {BB32C676-9F4E-427D-B294-87B914F3848D}
		{92DA6718-CC30-446E-87E2-DD6F29FE0544} = {6D7C8579-3C43-475A-A090-8B8208B8CB3C}
		{8AFA112A-09C4-442D-89FB-A1D137CF7BA8} = {6D7C8579-3C43-475A-A090-8B8208B8CB3C}
		{E624A691-C9E9-4593-BF8B-1289C6AD4CBF} = {6D7C8579-3C43-475A-A090-8B8208B8CB3C}
		{E72C3B9D-8AFF-4068-BDE8-1606DCBCF743} = {6D7C8579-3C43-475A-A090-8B8208B8CB3C}
		{F9D1FAB8-AD21-4D41-B480-7D892E11C1E1} = {725730D5-2895-4DE7-A99D-36F5F513C248}
		{6392951F-1E8F-4673-84BB-6D2475FD1F7C} = {644AFBE8-6BD2-4A41-BED9-2F8AAE41909D}
		{1AA5A52D-2DAA-4E61-9368-08550A26BA4C} = {644AFBE8-6BD2-4A41-BED9-2F8AAE41909D}
		{C8791572-51F0-49BC-810F-7DD16B891277} = {836C3065-CB4D-4B41-8E40-89FF71DD6C4D}
		{2BE99152-13AA-4B72-84B2-1082D0D57B21} = {836C3065-CB4D-4B41-8E40-89FF71DD6C4D}
		{20CF51F8-6B58-4F9F-8290-46E5FC95E197} = {2BE99152-13AA-4B72-84B2-1082D0D57B21}
		{BCF8643E-4F39-42E9-BBA8-A04DE8A8790E} = {C8791572-51F0-49BC-810F-7DD16B891277}
		{A66A9BCA-8CA8-4C0A-8760-6D049A428003} = {C8791572-51F0-49BC-810F-7DD16B891277}
		{4DA112AE-3848-414F-BBFF-AF26155D940A} = {C8791572-51F0-49BC-810F-7DD16B891277}
		{F9590787-5166-4706-B109-EFD914191791} = {3C8288AB-58C1-4D77-AEB2-CAE50D0BB736}
		{2917DC42-33B9-4AB9-9850-F92E6672F15A} = {3C8288AB-58C1-4D77-AEB2-CAE50D0BB736}
		{C1141EA9-00BC-4CDA-91D6-494E0192A534} = {37820D99-F9C6-43B4-9E6A-C3539CDED4FE}
		{8EEA6163-30A9-4762-A3EC-18FFD9932ED9} = {37820D99-F9C6-43B4-9E6A-C3539CDED4FE}
		{EC9B221C-7ADE-4734-8400-DA037C457451} = {37820D99-F9C6-43B4-9E6A-C3539CDED4FE}
		{8C554E8B-EF02-406E-8A2A-CA50C27BD9EF} = {37820D99-F9C6-43B4-9E6A-C3539CDED4FE}
		{F8B8BB82-B612-4B7E-88F0-DD5C38F3DA66} = {37820D99-F9C6-43B4-9E6A-C3539CDED4FE}
		{B7EA90BE-1042-42C9-B96F-A8A0F095C3B9} = {BDAFF3A3-F0D7-49EB-A77A-6BEE6207A1D0}
		{36BC061E-19C9-4107-AA54-7020F46EF14F} = {BCA8E695-E866-4F73-B2EA-75942102AF6D}
		{BDAFF3A3-F0D7-49EB-A77A-6BEE6207A1D0} = {BCA8E695-E866-4F73-B2EA-75942102AF6D}
		{0CACF94A-3EBD-48AE-88F9-55989AA39324} = {36BC061E-19C9-4107-AA54-7020F46EF14F}
		{BCA8E695-E866-4F73-B2EA-75942102AF6D} = {D56A0DD3-4067-4237-A441-247BC9A3038C}
		{5C61D747-D90E-4B17-840C-79AD240DDF6F} = {D56A0DD3-4067-4237-A441-247BC9A3038C}
		{5DA0C887-437F-42DB-8BAC-1A8EEE1F8C57} = {5C61D747-D90E-4B17-840C-79AD240DDF6F}
		{CAA7C658-792B-4EFB-9F43-DB32CC2B6EAC} = {D56A0DD3-4067-4237-A441-247BC9A3038C}
		{69A795CC-39FD-4A24-81EB-D98D2E3531DB} = {CAA7C658-792B-4EFB-9F43-DB32CC2B6EAC}
		{797004B8-6E39-4EBB-B3A5-3B66E4C8AEC4} = {43D716C8-9BD2-473C-8DDA-C5D7373C2656}
		{9E65B3CC-A284-4BAE-A8B3-F6D641258CD8} = {797004B8-6E39-4EBB-B3A5-3B66E4C8AEC4}
		{AAAD66FB-B234-4CD7-9B2F-BBEDCDEEA65D} = {797004B8-6E39-4EBB-B3A5-3B66E4C8AEC4}
		{8ADDC103-B7D9-4B8C-BCE3-E5E31DD337D9} = {43D716C8-9BD2-473C-8DDA-C5D7373C2656}
		{23080A6A-3BA2-43DA-97AD-B510BCB00A41} = {F808D7D6-18B1-4DE5-B199-9A5BB8D54F2E}
		{5A3CCF5D-52B6-4852-9178-0AC10C60911D} = {2D716834-7188-4438-B83A-0C22BADE6554}
		{BBA294BF-24AB-477D-95AA-66D7F849CD40} = {2D716834-7188-4438-B83A-0C22BADE6554}
		{0A63A2F3-263B-4859-8C87-88FA4187B98C} = {2D716834-7188-4438-B83A-0C22BADE6554}
		{289D8DFC-B063-4DBD-8411-31F908CE5F40} = {5A3CCF5D-52B6-4852-9178-0AC10C60911D}
		{36AA1C31-1249-4E1D-B195-0AF012137FF0} = {BBA294BF-24AB-477D-95AA-66D7F849CD40}
		{5BB625A5-76CD-47DA-A1D6-D441F35A4BC8} = {0A63A2F3-263B-4859-8C87-88FA4187B98C}
		{DCCA7B82-0BFF-42C0-B83B-B07176D5160E} = {FCE4BA03-F6CB-4E78-8FD0-9D5762718C50}
		{008B520B-BEE7-49D9-9547-32828E14637A} = {FCE4BA03-F6CB-4E78-8FD0-9D5762718C50}
		{18428925-B4CE-417A-BD85-3CA9CA054C1C} = {FCE4BA03-F6CB-4E78-8FD0-9D5762718C50}
	EndGlobalSection
	GlobalSection(ExtensibilityGlobals) = postSolution
		SolutionGuid = {AA13B4CC-3821-4F57-9D61-439614F9D82E}
	EndGlobalSection
EndGlobal
