
Microsoft Visual Studio Solution File, Format Version 12.00
# Visual Studio Version 17
VisualStudioVersion = 17.4.33205.214
MinimumVisualStudioVersion = 10.0.40219.1
Project("{9A19103F-16F7-4668-BE54-9A1E7A4F7556}") = "SampleApp", "SampleApp\SampleApp.csproj", "{C51B1A86-4222-428A-B8A1-AB5EB7572B54}"
EndProject
Project("{9A19103F-16F7-4668-BE54-9A1E7A4F7556}") = "SimpleMathCalculator", "SimpleMathCalculator\SimpleMathCalculator.csproj", "{AB76F1C2-9BA3-41A2-97F8-F3720516E4A6}"
EndProject
Project("{2150E333-8FDC-42A3-9474-1A3956D46DE8}") = "Presentation Layer", "Presentation Layer", "{8674CFFF-5B65-49B7-8398-91592A36A2F4}"
EndProject
Project("{2150E333-8FDC-42A3-9474-1A3956D46DE8}") = "Business Layer", "Business Layer", "{3014BFD6-0255-4F5D-95CB-F4DD93F59D0D}"
EndProject
Project("{2150E333-8FDC-42A3-9474-1A3956D46DE8}") = "Data Layer", "Data Layer", "{B43E2CFB-A265-4838-A3B7-5319E0118056}"
EndProject
Project("{9A19103F-16F7-4668-BE54-9A1E7A4F7556}") = "SimpleMathCalculatorDesktopApp", "SimpleMathCalculatorDesktopApp\SimpleMathCalculatorDesktopApp.csproj", "{FC602FE5-BA80-4035-B1F9-4D973DCEB6F4}"
EndProject
Project("{2150E333-8FDC-42A3-9474-1A3956D46DE8}") = "Multi Layered App Demo", "Multi Layered App Demo", "{8163B61D-FC3E-4384-BE68-3F2AAE829B72}"
EndProject
Project("{2150E333-8FDC-42A3-9474-1A3956D46DE8}") = "Labs and References", "Labs and References", "{96917E17-C19C-4AA2-BB5D-9F93CCFC7892}"
EndProject
Project("{9A19103F-16F7-4668-BE54-9A1E7A4F7556}") = "LabsAndRef", "LabsAndRef\LabsAndRef.csproj", "{7CFA7A2D-54E4-47B4-AF1F-37B35E506760}"
EndProject
Project("{2150E333-8FDC-42A3-9474-1A3956D46DE8}") = "OO Programming", "OO Programming", "{ABC814C5-0626-45BB-BD7C-61C5ACCB3783}"
EndProject
Project("{9A19103F-16F7-4668-BE54-9A1E7A4F7556}") = "OOProgrammingDemo", "OOProgrammingDemo\OOProgrammingDemo.csproj", "{EEA9F841-A5BF-4FC2-A4BB-FD51CFFA7D6A}"
EndProject
Project("{9A19103F-16F7-4668-BE54-9A1E7A4F7556}") = "ArraysDemo", "ArraysDemo\ArraysDemo.csproj", "{ACF825C2-2F3E-4FA9-951C-8AA44A7F2A87}"
EndProject
Project("{9A19103F-16F7-4668-BE54-9A1E7A4F7556}") = "DynamicCollectionsDemo1", "DynamicCollectionsDemo1\DynamicCollectionsDemo1.csproj", "{6884E5B4-D831-4589-B63A-A5D254FC1671}"
EndProject
Project("{9A19103F-16F7-4668-BE54-9A1E7A4F7556}") = "DynamicCollectionsDemo2", "DynamicCollectionsDemo2\DynamicCollectionsDemo2.csproj", "{976B6EEE-F991-45EF-915F-97CA968B96BD}"
EndProject
Project("{9A19103F-16F7-4668-BE54-9A1E7A4F7556}") = "DynamicArray3", "DynamicArray3\DynamicArray3.csproj", "{6676975F-5708-47BB-AAAA-82ED72B9A710}"
EndProject
Project("{9A19103F-16F7-4668-BE54-9A1E7A4F7556}") = "TrainerTraineeCasestudy", "TrainerTraineeCasestudy\TrainerTraineeCasestudy.csproj", "{1C52F095-9437-4E52-87A2-83B263A6057A}"
EndProject
Project("{FAE04EC0-301F-11D3-BF4B-00C04F79EFBC}") = "InheritanceDemo1", "InheritanceDemo1\InheritanceDemo1.csproj", "{5C782C2B-FCFB-41C0-BB2E-892550564F8D}"
EndProject
Project("{FAE04EC0-301F-11D3-BF4B-00C04F79EFBC}") = "InheritanceDemo2", "InheritanceDemo2\InheritanceDemo2.csproj", "{D1D10614-23C6-45E6-B6AE-44115ADB8832}"
EndProject
Project("{FAE04EC0-301F-11D3-BF4B-00C04F79EFBC}") = "IDELanguagesCasestudy", "IDELanguagesCasestudy\IDELanguagesCasestudy.csproj", "{0043C7C9-1E7E-46DC-8992-7D87BC7C3792}"
EndProject
Project("{FAE04EC0-301F-11D3-BF4B-00C04F79EFBC}") = "IDELanguagesCasestudy2", "IDELanguagesCasestudy2\IDELanguagesCasestudy2.csproj", "{74C24991-9F39-4FE5-B718-8BADF5204C05}"
EndProject
Project("{2150E333-8FDC-42A3-9474-1A3956D46DE8}") = "Exception Handling", "Exception Handling", "{895490BF-B445-48B1-BCE4-933C8187C55D}"
EndProject
Project("{FAE04EC0-301F-11D3-BF4B-00C04F79EFBC}") = "ExceptionHandlingDemo1", "ExceptionHandlingDemo1\ExceptionHandlingDemo1.csproj", "{78F8BA4D-2A0F-4CBC-95D5-72F14555BBD4}"
EndProject
Project("{2150E333-8FDC-42A3-9474-1A3956D46DE8}") = "Delegates", "Delegates", "{9F16FE99-59A5-4028-9013-FAECBD23AEFC}"
EndProject
Project("{FAE04EC0-301F-11D3-BF4B-00C04F79EFBC}") = "DelegatesDemo1", "DelegatesDemo1\DelegatesDemo1.csproj", "{1A016A70-B93B-4D13-8C65-125819D9245C}"
EndProject
Project("{FAE04EC0-301F-11D3-BF4B-00C04F79EFBC}") = "DelegatesCaseStudy1", "DelegatesCaseStudy1\DelegatesCaseStudy1.csproj", "{C43F4089-7D78-4ED9-8980-FAB93159B247}"
EndProject
Global
	GlobalSection(SolutionConfigurationPlatforms) = preSolution
		Debug|Any CPU = Debug|Any CPU
		Release|Any CPU = Release|Any CPU
	EndGlobalSection
	GlobalSection(ProjectConfigurationPlatforms) = postSolution
		{C51B1A86-4222-428A-B8A1-AB5EB7572B54}.Debug|Any CPU.ActiveCfg = Debug|Any CPU
		{C51B1A86-4222-428A-B8A1-AB5EB7572B54}.Debug|Any CPU.Build.0 = Debug|Any CPU
		{C51B1A86-4222-428A-B8A1-AB5EB7572B54}.Release|Any CPU.ActiveCfg = Release|Any CPU
		{C51B1A86-4222-428A-B8A1-AB5EB7572B54}.Release|Any CPU.Build.0 = Release|Any CPU
		{AB76F1C2-9BA3-41A2-97F8-F3720516E4A6}.Debug|Any CPU.ActiveCfg = Debug|Any CPU
		{AB76F1C2-9BA3-41A2-97F8-F3720516E4A6}.Debug|Any CPU.Build.0 = Debug|Any CPU
		{AB76F1C2-9BA3-41A2-97F8-F3720516E4A6}.Release|Any CPU.ActiveCfg = Release|Any CPU
		{AB76F1C2-9BA3-41A2-97F8-F3720516E4A6}.Release|Any CPU.Build.0 = Release|Any CPU
		{FC602FE5-BA80-4035-B1F9-4D973DCEB6F4}.Debug|Any CPU.ActiveCfg = Debug|Any CPU
		{FC602FE5-BA80-4035-B1F9-4D973DCEB6F4}.Debug|Any CPU.Build.0 = Debug|Any CPU
		{FC602FE5-BA80-4035-B1F9-4D973DCEB6F4}.Release|Any CPU.ActiveCfg = Release|Any CPU
		{FC602FE5-BA80-4035-B1F9-4D973DCEB6F4}.Release|Any CPU.Build.0 = Release|Any CPU
		{7CFA7A2D-54E4-47B4-AF1F-37B35E506760}.Debug|Any CPU.ActiveCfg = Debug|Any CPU
		{7CFA7A2D-54E4-47B4-AF1F-37B35E506760}.Debug|Any CPU.Build.0 = Debug|Any CPU
		{7CFA7A2D-54E4-47B4-AF1F-37B35E506760}.Release|Any CPU.ActiveCfg = Release|Any CPU
		{7CFA7A2D-54E4-47B4-AF1F-37B35E506760}.Release|Any CPU.Build.0 = Release|Any CPU
		{EEA9F841-A5BF-4FC2-A4BB-FD51CFFA7D6A}.Debug|Any CPU.ActiveCfg = Debug|Any CPU
		{EEA9F841-A5BF-4FC2-A4BB-FD51CFFA7D6A}.Debug|Any CPU.Build.0 = Debug|Any CPU
		{EEA9F841-A5BF-4FC2-A4BB-FD51CFFA7D6A}.Release|Any CPU.ActiveCfg = Release|Any CPU
		{EEA9F841-A5BF-4FC2-A4BB-FD51CFFA7D6A}.Release|Any CPU.Build.0 = Release|Any CPU
		{ACF825C2-2F3E-4FA9-951C-8AA44A7F2A87}.Debug|Any CPU.ActiveCfg = Debug|Any CPU
		{ACF825C2-2F3E-4FA9-951C-8AA44A7F2A87}.Debug|Any CPU.Build.0 = Debug|Any CPU
		{ACF825C2-2F3E-4FA9-951C-8AA44A7F2A87}.Release|Any CPU.ActiveCfg = Release|Any CPU
		{ACF825C2-2F3E-4FA9-951C-8AA44A7F2A87}.Release|Any CPU.Build.0 = Release|Any CPU
		{6884E5B4-D831-4589-B63A-A5D254FC1671}.Debug|Any CPU.ActiveCfg = Debug|Any CPU
		{6884E5B4-D831-4589-B63A-A5D254FC1671}.Debug|Any CPU.Build.0 = Debug|Any CPU
		{6884E5B4-D831-4589-B63A-A5D254FC1671}.Release|Any CPU.ActiveCfg = Release|Any CPU
		{6884E5B4-D831-4589-B63A-A5D254FC1671}.Release|Any CPU.Build.0 = Release|Any CPU
		{976B6EEE-F991-45EF-915F-97CA968B96BD}.Debug|Any CPU.ActiveCfg = Debug|Any CPU
		{976B6EEE-F991-45EF-915F-97CA968B96BD}.Debug|Any CPU.Build.0 = Debug|Any CPU
		{976B6EEE-F991-45EF-915F-97CA968B96BD}.Release|Any CPU.ActiveCfg = Release|Any CPU
		{976B6EEE-F991-45EF-915F-97CA968B96BD}.Release|Any CPU.Build.0 = Release|Any CPU
		{6676975F-5708-47BB-AAAA-82ED72B9A710}.Debug|Any CPU.ActiveCfg = Debug|Any CPU
		{6676975F-5708-47BB-AAAA-82ED72B9A710}.Debug|Any CPU.Build.0 = Debug|Any CPU
		{6676975F-5708-47BB-AAAA-82ED72B9A710}.Release|Any CPU.ActiveCfg = Release|Any CPU
		{6676975F-5708-47BB-AAAA-82ED72B9A710}.Release|Any CPU.Build.0 = Release|Any CPU
		{1C52F095-9437-4E52-87A2-83B263A6057A}.Debug|Any CPU.ActiveCfg = Debug|Any CPU
		{1C52F095-9437-4E52-87A2-83B263A6057A}.Debug|Any CPU.Build.0 = Debug|Any CPU
		{1C52F095-9437-4E52-87A2-83B263A6057A}.Release|Any CPU.ActiveCfg = Release|Any CPU
		{1C52F095-9437-4E52-87A2-83B263A6057A}.Release|Any CPU.Build.0 = Release|Any CPU
		{5C782C2B-FCFB-41C0-BB2E-892550564F8D}.Debug|Any CPU.ActiveCfg = Debug|Any CPU
		{5C782C2B-FCFB-41C0-BB2E-892550564F8D}.Debug|Any CPU.Build.0 = Debug|Any CPU
		{5C782C2B-FCFB-41C0-BB2E-892550564F8D}.Release|Any CPU.ActiveCfg = Release|Any CPU
		{5C782C2B-FCFB-41C0-BB2E-892550564F8D}.Release|Any CPU.Build.0 = Release|Any CPU
		{D1D10614-23C6-45E6-B6AE-44115ADB8832}.Debug|Any CPU.ActiveCfg = Debug|Any CPU
		{D1D10614-23C6-45E6-B6AE-44115ADB8832}.Debug|Any CPU.Build.0 = Debug|Any CPU
		{D1D10614-23C6-45E6-B6AE-44115ADB8832}.Release|Any CPU.ActiveCfg = Release|Any CPU
		{D1D10614-23C6-45E6-B6AE-44115ADB8832}.Release|Any CPU.Build.0 = Release|Any CPU
		{0043C7C9-1E7E-46DC-8992-7D87BC7C3792}.Debug|Any CPU.ActiveCfg = Debug|Any CPU
		{0043C7C9-1E7E-46DC-8992-7D87BC7C3792}.Debug|Any CPU.Build.0 = Debug|Any CPU
		{0043C7C9-1E7E-46DC-8992-7D87BC7C3792}.Release|Any CPU.ActiveCfg = Release|Any CPU
		{0043C7C9-1E7E-46DC-8992-7D87BC7C3792}.Release|Any CPU.Build.0 = Release|Any CPU
		{74C24991-9F39-4FE5-B718-8BADF5204C05}.Debug|Any CPU.ActiveCfg = Debug|Any CPU
		{74C24991-9F39-4FE5-B718-8BADF5204C05}.Debug|Any CPU.Build.0 = Debug|Any CPU
		{74C24991-9F39-4FE5-B718-8BADF5204C05}.Release|Any CPU.ActiveCfg = Release|Any CPU
		{74C24991-9F39-4FE5-B718-8BADF5204C05}.Release|Any CPU.Build.0 = Release|Any CPU
		{78F8BA4D-2A0F-4CBC-95D5-72F14555BBD4}.Debug|Any CPU.ActiveCfg = Debug|Any CPU
		{78F8BA4D-2A0F-4CBC-95D5-72F14555BBD4}.Debug|Any CPU.Build.0 = Debug|Any CPU
		{78F8BA4D-2A0F-4CBC-95D5-72F14555BBD4}.Release|Any CPU.ActiveCfg = Release|Any CPU
		{78F8BA4D-2A0F-4CBC-95D5-72F14555BBD4}.Release|Any CPU.Build.0 = Release|Any CPU
		{1A016A70-B93B-4D13-8C65-125819D9245C}.Debug|Any CPU.ActiveCfg = Debug|Any CPU
		{1A016A70-B93B-4D13-8C65-125819D9245C}.Debug|Any CPU.Build.0 = Debug|Any CPU
		{1A016A70-B93B-4D13-8C65-125819D9245C}.Release|Any CPU.ActiveCfg = Release|Any CPU
		{1A016A70-B93B-4D13-8C65-125819D9245C}.Release|Any CPU.Build.0 = Release|Any CPU
		{C43F4089-7D78-4ED9-8980-FAB93159B247}.Debug|Any CPU.ActiveCfg = Debug|Any CPU
		{C43F4089-7D78-4ED9-8980-FAB93159B247}.Debug|Any CPU.Build.0 = Debug|Any CPU
		{C43F4089-7D78-4ED9-8980-FAB93159B247}.Release|Any CPU.ActiveCfg = Release|Any CPU
		{C43F4089-7D78-4ED9-8980-FAB93159B247}.Release|Any CPU.Build.0 = Release|Any CPU
	EndGlobalSection
	GlobalSection(SolutionProperties) = preSolution
		HideSolutionNode = FALSE
	EndGlobalSection
	GlobalSection(NestedProjects) = preSolution
		{C51B1A86-4222-428A-B8A1-AB5EB7572B54} = {8674CFFF-5B65-49B7-8398-91592A36A2F4}
		{AB76F1C2-9BA3-41A2-97F8-F3720516E4A6} = {3014BFD6-0255-4F5D-95CB-F4DD93F59D0D}
		{8674CFFF-5B65-49B7-8398-91592A36A2F4} = {8163B61D-FC3E-4384-BE68-3F2AAE829B72}
		{3014BFD6-0255-4F5D-95CB-F4DD93F59D0D} = {8163B61D-FC3E-4384-BE68-3F2AAE829B72}
		{B43E2CFB-A265-4838-A3B7-5319E0118056} = {8163B61D-FC3E-4384-BE68-3F2AAE829B72}
		{FC602FE5-BA80-4035-B1F9-4D973DCEB6F4} = {8674CFFF-5B65-49B7-8398-91592A36A2F4}
		{7CFA7A2D-54E4-47B4-AF1F-37B35E506760} = {96917E17-C19C-4AA2-BB5D-9F93CCFC7892}
		{EEA9F841-A5BF-4FC2-A4BB-FD51CFFA7D6A} = {ABC814C5-0626-45BB-BD7C-61C5ACCB3783}
		{ACF825C2-2F3E-4FA9-951C-8AA44A7F2A87} = {ABC814C5-0626-45BB-BD7C-61C5ACCB3783}
		{6884E5B4-D831-4589-B63A-A5D254FC1671} = {ABC814C5-0626-45BB-BD7C-61C5ACCB3783}
		{976B6EEE-F991-45EF-915F-97CA968B96BD} = {ABC814C5-0626-45BB-BD7C-61C5ACCB3783}
		{6676975F-5708-47BB-AAAA-82ED72B9A710} = {ABC814C5-0626-45BB-BD7C-61C5ACCB3783}
		{1C52F095-9437-4E52-87A2-83B263A6057A} = {ABC814C5-0626-45BB-BD7C-61C5ACCB3783}
		{5C782C2B-FCFB-41C0-BB2E-892550564F8D} = {ABC814C5-0626-45BB-BD7C-61C5ACCB3783}
		{D1D10614-23C6-45E6-B6AE-44115ADB8832} = {ABC814C5-0626-45BB-BD7C-61C5ACCB3783}
		{0043C7C9-1E7E-46DC-8992-7D87BC7C3792} = {ABC814C5-0626-45BB-BD7C-61C5ACCB3783}
		{74C24991-9F39-4FE5-B718-8BADF5204C05} = {ABC814C5-0626-45BB-BD7C-61C5ACCB3783}
		{78F8BA4D-2A0F-4CBC-95D5-72F14555BBD4} = {895490BF-B445-48B1-BCE4-933C8187C55D}
		{1A016A70-B93B-4D13-8C65-125819D9245C} = {9F16FE99-59A5-4028-9013-FAECBD23AEFC}
		{C43F4089-7D78-4ED9-8980-FAB93159B247} = {9F16FE99-59A5-4028-9013-FAECBD23AEFC}
	EndGlobalSection
	GlobalSection(ExtensibilityGlobals) = postSolution
		SolutionGuid = {AA13B4CC-3821-4F57-9D61-439614F9D82E}
	EndGlobalSection
EndGlobal
