
Microsoft Visual Studio Solution File, Format Version 12.00
# Visual Studio Version 17
VisualStudioVersion = 17.4.33205.214
MinimumVisualStudioVersion = 10.0.40219.1
Project("{9A19103F-16F7-4668-BE54-9A1E7A4F7556}") = "SampleApp", "SampleApp\SampleApp.csproj", "{C51B1A86-4222-428A-B8A1-AB5EB7572B54}"
EndProject
Project("{FAE04EC0-301F-11D3-BF4B-00C04F79EFBC}") = "SimpleMathCalculator", "SimpleMathCalculator\SimpleMathCalculator.csproj", "{AB76F1C2-9BA3-41A2-97F8-F3720516E4A6}"
EndProject
Project("{2150E333-8FDC-42A3-9474-1A3956D46DE8}") = "Presentation Layer", "Presentation Layer", "{8674CFFF-5B65-49B7-8398-91592A36A2F4}"
EndProject
Project("{2150E333-8FDC-42A3-9474-1A3956D46DE8}") = "Business Layer", "Business Layer", "{3014BFD6-0255-4F5D-95CB-F4DD93F59D0D}"
EndProject
Project("{2150E333-8FDC-42A3-9474-1A3956D46DE8}") = "Data Layer", "Data Layer", "{B43E2CFB-A265-4838-A3B7-5319E0118056}"
EndProject
Project("{FAE04EC0-301F-11D3-BF4B-00C04F79EFBC}") = "SimpleMathCalculatorDesktopApp", "SimpleMathCalculatorDesktopApp\SimpleMathCalculatorDesktopApp.csproj", "{FC602FE5-BA80-4035-B1F9-4D973DCEB6F4}"
EndProject
Project("{2150E333-8FDC-42A3-9474-1A3956D46DE8}") = "Multi Layered App Demo", "Multi Layered App Demo", "{8163B61D-FC3E-4384-BE68-3F2AAE829B72}"
EndProject
Project("{2150E333-8FDC-42A3-9474-1A3956D46DE8}") = "Labs and References", "Labs and References", "{96917E17-C19C-4AA2-BB5D-9F93CCFC7892}"
EndProject
Project("{FAE04EC0-301F-11D3-BF4B-00C04F79EFBC}") = "LabsAndRef", "LabsAndRef\LabsAndRef.csproj", "{7CFA7A2D-54E4-47B4-AF1F-37B35E506760}"
EndProject
Global
	GlobalSection(SolutionConfigurationPlatforms) = preSolution
		Debug|Any CPU = Debug|Any CPU
		Release|Any CPU = Release|Any CPU
	EndGlobalSection
	GlobalSection(ProjectConfigurationPlatforms) = postSolution
		{C51B1A86-4222-428A-B8A1-AB5EB7572B54}.Debug|Any CPU.ActiveCfg = Debug|Any CPU
		{C51B1A86-4222-428A-B8A1-AB5EB7572B54}.Debug|Any CPU.Build.0 = Debug|Any CPU
		{C51B1A86-4222-428A-B8A1-AB5EB7572B54}.Release|Any CPU.ActiveCfg = Release|Any CPU
		{C51B1A86-4222-428A-B8A1-AB5EB7572B54}.Release|Any CPU.Build.0 = Release|Any CPU
		{AB76F1C2-9BA3-41A2-97F8-F3720516E4A6}.Debug|Any CPU.ActiveCfg = Debug|Any CPU
		{AB76F1C2-9BA3-41A2-97F8-F3720516E4A6}.Debug|Any CPU.Build.0 = Debug|Any CPU
		{AB76F1C2-9BA3-41A2-97F8-F3720516E4A6}.Release|Any CPU.ActiveCfg = Release|Any CPU
		{AB76F1C2-9BA3-41A2-97F8-F3720516E4A6}.Release|Any CPU.Build.0 = Release|Any CPU
		{FC602FE5-BA80-4035-B1F9-4D973DCEB6F4}.Debug|Any CPU.ActiveCfg = Debug|Any CPU
		{FC602FE5-BA80-4035-B1F9-4D973DCEB6F4}.Debug|Any CPU.Build.0 = Debug|Any CPU
		{FC602FE5-BA80-4035-B1F9-4D973DCEB6F4}.Release|Any CPU.ActiveCfg = Release|Any CPU
		{FC602FE5-BA80-4035-B1F9-4D973DCEB6F4}.Release|Any CPU.Build.0 = Release|Any CPU
		{7CFA7A2D-54E4-47B4-AF1F-37B35E506760}.Debug|Any CPU.ActiveCfg = Debug|Any CPU
		{7CFA7A2D-54E4-47B4-AF1F-37B35E506760}.Debug|Any CPU.Build.0 = Debug|Any CPU
		{7CFA7A2D-54E4-47B4-AF1F-37B35E506760}.Release|Any CPU.ActiveCfg = Release|Any CPU
		{7CFA7A2D-54E4-47B4-AF1F-37B35E506760}.Release|Any CPU.Build.0 = Release|Any CPU
	EndGlobalSection
	GlobalSection(SolutionProperties) = preSolution
		HideSolutionNode = FALSE
	EndGlobalSection
	GlobalSection(NestedProjects) = preSolution
		{C51B1A86-4222-428A-B8A1-AB5EB7572B54} = {8674CFFF-5B65-49B7-8398-91592A36A2F4}
		{AB76F1C2-9BA3-41A2-97F8-F3720516E4A6} = {3014BFD6-0255-4F5D-95CB-F4DD93F59D0D}
		{8674CFFF-5B65-49B7-8398-91592A36A2F4} = {8163B61D-FC3E-4384-BE68-3F2AAE829B72}
		{3014BFD6-0255-4F5D-95CB-F4DD93F59D0D} = {8163B61D-FC3E-4384-BE68-3F2AAE829B72}
		{B43E2CFB-A265-4838-A3B7-5319E0118056} = {8163B61D-FC3E-4384-BE68-3F2AAE829B72}
		{FC602FE5-BA80-4035-B1F9-4D973DCEB6F4} = {8674CFFF-5B65-49B7-8398-91592A36A2F4}
		{7CFA7A2D-54E4-47B4-AF1F-37B35E506760} = {96917E17-C19C-4AA2-BB5D-9F93CCFC7892}
	EndGlobalSection
	GlobalSection(ExtensibilityGlobals) = postSolution
		SolutionGuid = {AA13B4CC-3821-4F57-9D61-439614F9D82E}
	EndGlobalSection
EndGlobal
